lockVersion: 2.0.0
id: 0302219c-9df1-4051-a6ae-45f579bcc8d3
management:
  docChecksum: 3ed70adc281786c39a8298dba987642b
  docVersion: 1.0.0
  speakeasyVersion: 1.615.2
  generationVersion: 2.698.4
  releaseVersion: 0.2.6
  configChecksum: 408a82a14f39f6bddf1d8cdd0fe4fc1e
features:
  typescript:
    additionalDependencies: 0.1.0
    constsAndDefaults: 0.1.12
    core: 3.21.22
    defaultEnabledRetries: 0.1.0
    devContainers: 2.90.0
    enumUnions: 0.1.0
    envVarSecurityUsage: 0.1.2
    globalSecurityCallbacks: 0.1.0
    globalServerURLs: 2.82.5
    groups: 2.81.2
    methodArguments: 0.1.2
    nameOverrides: 2.81.2
    nullables: 0.1.1
    responseFormat: 0.2.3
    retries: 2.83.0
    sdkHooks: 0.3.0
generatedFiles:
  - .devcontainer/README.md
  - .devcontainer/devcontainer.json
  - .devcontainer/setup.sh
  - .gitattributes
  - .npmignore
  - FUNCTIONS.md
  - RUNTIMES.md
  - USAGE.md
  - docs/lib/utils/retryconfig.md
  - docs/models/errors/errorresponse.md
  - docs/models/messagedata.md
  - docs/models/messagerole.md
  - docs/models/operations/cancelsessionprocessingrequest.md
  - docs/models/operations/cancelsessionprocessingresponse.md
  - docs/models/operations/createsessionrequest.md
  - docs/models/operations/deletecredentialsrequest.md
  - docs/models/operations/deletecredentialsresponse.md
  - docs/models/operations/deletesessionrequest.md
  - docs/models/operations/denypermissionrequest.md
  - docs/models/operations/denypermissionresponse.md
  - docs/models/operations/forksessionrequest.md
  - docs/models/operations/forksessionrequestbody.md
  - docs/models/operations/getauthstatusauthmethod.md
  - docs/models/operations/getauthstatusresponse.md
  - docs/models/operations/getavailableprovidersresponse.md
  - docs/models/operations/getcommandrequest.md
  - docs/models/operations/getcommandresponse.md
  - docs/models/operations/getmessagehistoryrequest.md
  - docs/models/operations/getpreferencesresponse.md
  - docs/models/operations/getsessionmessagesrequest.md
  - docs/models/operations/getsessionrequest.md
  - docs/models/operations/grantpermissionrequest.md
  - docs/models/operations/grantpermissionresponse.md
  - docs/models/operations/handleoauthcallbackrequest.md
  - docs/models/operations/handleoauthcallbackresponse.md
  - docs/models/operations/healthcheckresponse.md
  - docs/models/operations/initiateoauthloginresponse.md
  - docs/models/operations/listcommandsresponse.md
  - docs/models/operations/listmcpserversresponse.md
  - docs/models/operations/provider.md
  - docs/models/operations/providers.md
  - docs/models/operations/resetpreferencesresponse.md
  - docs/models/operations/sendmessagerequest.md
  - docs/models/operations/sendmessagerequestbody.md
  - docs/models/operations/setapikeyrequest.md
  - docs/models/operations/setapikeyresponse.md
  - docs/models/operations/startoauthflowrequest.md
  - docs/models/operations/startoauthflowresponse.md
  - docs/models/operations/storeapikeyrequest.md
  - docs/models/operations/storeapikeyresponse.md
  - docs/models/operations/tool.md
  - docs/models/operations/updatepreferencesrequest.md
  - docs/models/operations/updatepreferencesresponse.md
  - docs/models/operations/validatepreferredproviderauthmethod.md
  - docs/models/operations/validatepreferredproviderresponse.md
  - docs/models/resterror.md
  - docs/models/sessiondata.md
  - docs/models/toolcalldata.md
  - docs/models/type.md
  - docs/sdks/auth/README.md
  - docs/sdks/authentication/README.md
  - docs/sdks/messages/README.md
  - docs/sdks/mix/README.md
  - docs/sdks/permissions/README.md
  - docs/sdks/preferences/README.md
  - docs/sdks/sessions/README.md
  - docs/sdks/system/README.md
  - eslint.config.mjs
  - examples/.env.template
  - examples/README.md
  - examples/authenticationStoreApiKey.example.ts
  - examples/package.json
  - jsr.json
  - package.json
  - src/core.ts
  - src/funcs/authSetApiKey.ts
  - src/funcs/authenticationDeleteCredentials.ts
  - src/funcs/authenticationGetAuthStatus.ts
  - src/funcs/authenticationHandleOAuthCallback.ts
  - src/funcs/authenticationLogin.ts
  - src/funcs/authenticationStartOAuthFlow.ts
  - src/funcs/authenticationStoreApiKey.ts
  - src/funcs/authenticationValidatePreferredProvider.ts
  - src/funcs/messagesCancelProcessing.ts
  - src/funcs/messagesGetHistory.ts
  - src/funcs/messagesGetSession.ts
  - src/funcs/messagesSend.ts
  - src/funcs/permissionsDeny.ts
  - src/funcs/permissionsGrant.ts
  - src/funcs/preferencesGetAvailableProviders.ts
  - src/funcs/preferencesGetPreferences.ts
  - src/funcs/preferencesResetPreferences.ts
  - src/funcs/preferencesUpdatePreferences.ts
  - src/funcs/sessionsCreate.ts
  - src/funcs/sessionsDelete.ts
  - src/funcs/sessionsFork.ts
  - src/funcs/sessionsGet.ts
  - src/funcs/sessionsList.ts
  - src/funcs/systemGetCommand.ts
  - src/funcs/systemHealthCheck.ts
  - src/funcs/systemListCommands.ts
  - src/funcs/systemListMcpServers.ts
  - src/hooks/hooks.ts
  - src/hooks/index.ts
  - src/hooks/types.ts
  - src/index.ts
  - src/lib/base64.ts
  - src/lib/config.ts
  - src/lib/dlv.ts
  - src/lib/encodings.ts
  - src/lib/env.ts
  - src/lib/files.ts
  - src/lib/http.ts
  - src/lib/is-plain-object.ts
  - src/lib/logger.ts
  - src/lib/matchers.ts
  - src/lib/primitives.ts
  - src/lib/retries.ts
  - src/lib/schemas.ts
  - src/lib/sdks.ts
  - src/lib/security.ts
  - src/lib/url.ts
  - src/models/errors/errorresponse.ts
  - src/models/errors/httpclienterrors.ts
  - src/models/errors/index.ts
  - src/models/errors/mixdefaulterror.ts
  - src/models/errors/mixerror.ts
  - src/models/errors/responsevalidationerror.ts
  - src/models/errors/sdkvalidationerror.ts
  - src/models/index.ts
  - src/models/messagedata.ts
  - src/models/messagerole.ts
  - src/models/operations/cancelsessionprocessing.ts
  - src/models/operations/createsession.ts
  - src/models/operations/deletecredentials.ts
  - src/models/operations/deletesession.ts
  - src/models/operations/denypermission.ts
  - src/models/operations/forksession.ts
  - src/models/operations/getauthstatus.ts
  - src/models/operations/getavailableproviders.ts
  - src/models/operations/getcommand.ts
  - src/models/operations/getmessagehistory.ts
  - src/models/operations/getpreferences.ts
  - src/models/operations/getsession.ts
  - src/models/operations/getsessionmessages.ts
  - src/models/operations/grantpermission.ts
  - src/models/operations/handleoauthcallback.ts
  - src/models/operations/healthcheck.ts
  - src/models/operations/index.ts
  - src/models/operations/initiateoauthlogin.ts
  - src/models/operations/listcommands.ts
  - src/models/operations/listmcpservers.ts
  - src/models/operations/resetpreferences.ts
  - src/models/operations/sendmessage.ts
  - src/models/operations/setapikey.ts
  - src/models/operations/startoauthflow.ts
  - src/models/operations/storeapikey.ts
  - src/models/operations/updatepreferences.ts
  - src/models/operations/validatepreferredprovider.ts
  - src/models/resterror.ts
  - src/models/sessiondata.ts
  - src/models/toolcalldata.ts
  - src/sdk/auth.ts
  - src/sdk/authentication.ts
  - src/sdk/index.ts
  - src/sdk/messages.ts
  - src/sdk/permissions.ts
  - src/sdk/preferences.ts
  - src/sdk/sdk.ts
  - src/sdk/sessions.ts
  - src/sdk/system.ts
  - src/types/async.ts
  - src/types/blobs.ts
  - src/types/constdatetime.ts
  - src/types/enums.ts
  - src/types/fp.ts
  - src/types/index.ts
  - src/types/operations.ts
  - src/types/rfcdate.ts
  - src/types/streams.ts
  - tsconfig.json
examples:
  setApiKey:
    speakeasy-default-set-api-key:
      requestBody:
        application/json: {"apiKey": "<value>"}
      responses:
        "200":
          application/json: {}
        "400":
          application/json: {"error": {"code": 750509, "message": "<value>", "type": "bad_request"}}
        "500":
          application/json: {"error": {"code": 750509, "message": "<value>", "type": "bad_request"}}
  initiateOAuthLogin:
    speakeasy-default-initiate-O-auth-login:
      responses:
        "200":
          application/json: {}
        "401":
          application/json: {"error": {"code": 314723, "message": "<value>", "type": "validation_error"}}
        "500":
          application/json: {"error": {"code": 314723, "message": "<value>", "type": "validation_error"}}
  listCommands:
    speakeasy-default-list-commands:
      responses:
        "200":
          application/json: [{}]
        "401":
          application/json: {"error": {"code": 838798, "message": "<value>", "type": "unauthorized"}}
        "500":
          application/json: {"error": {"code": 838798, "message": "<value>", "type": "unauthorized"}}
  getCommand:
    speakeasy-default-get-command:
      parameters:
        path:
          name: "<value>"
      responses:
        "200":
          application/json: {}
        "404":
          application/json: {"error": {"code": 467416, "message": "<value>", "type": "bad_request"}}
  listMcpServers:
    speakeasy-default-list-mcp-servers:
      responses:
        "200":
          application/json: [{"connected": true, "name": "<value>", "status": "<value>"}]
        "401":
          application/json: {"error": {"code": 291310, "message": "<value>", "type": "internal_error"}}
        "500":
          application/json: {"error": {"code": 291310, "message": "<value>", "type": "internal_error"}}
  healthCheck:
    speakeasy-default-health-check:
      responses:
        "200":
          application/json: {}
        "500":
          application/json: {"error": {"code": 981446, "message": "<value>", "type": "not_found"}}
  getMessageHistory:
    speakeasy-default-get-message-history:
      parameters:
        query:
          limit: 50
          offset: 0
      responses:
        "200":
          application/json: [{"id": "<id>", "role": "user", "sessionId": "<id>", "userInput": "<value>"}]
        "401":
          application/json: {"error": {"code": 37164, "message": "<value>", "type": "validation_error"}}
        "500":
          application/json: {"error": {"code": 37164, "message": "<value>", "type": "validation_error"}}
  cancelSessionProcessing:
    speakeasy-default-cancel-session-processing:
      parameters:
        path:
          id: "<id>"
      responses:
        "200":
          application/json: {}
        "404":
          application/json: {"error": {"code": 83449, "message": "<value>", "type": "internal_error"}}
  getSessionMessages:
    speakeasy-default-get-session-messages:
      parameters:
        path:
          id: "<id>"
      responses:
        "200":
          application/json: [{"id": "<id>", "role": "user", "sessionId": "<id>", "userInput": "<value>"}]
        "404":
          application/json: {"error": {"code": 355518, "message": "<value>", "type": "bad_request"}}
  sendMessage:
    speakeasy-default-send-message:
      parameters:
        path:
          id: "<id>"
      requestBody:
        application/json: {"content": "<value>"}
      responses:
        "200":
          application/json: {"id": "<id>", "role": "user", "sessionId": "<id>", "userInput": "<value>"}
        "400":
          application/json: {"error": {"code": 600162, "message": "<value>", "type": "validation_error"}}
  denyPermission:
    speakeasy-default-deny-permission:
      parameters:
        path:
          id: "<id>"
      responses:
        "200":
          application/json: {}
        "401":
          application/json: {"error": {"code": 185141, "message": "<value>", "type": "unauthorized"}}
        "500":
          application/json: {"error": {"code": 185141, "message": "<value>", "type": "unauthorized"}}
  grantPermission:
    speakeasy-default-grant-permission:
      parameters:
        path:
          id: "<id>"
      responses:
        "200":
          application/json: {}
        "401":
          application/json: {"error": {"code": 96400, "message": "<value>", "type": "internal_error"}}
        "500":
          application/json: {"error": {"code": 96400, "message": "<value>", "type": "internal_error"}}
  listSessions:
    speakeasy-default-list-sessions:
      responses:
        "200":
          application/json: [{"assistantMessageCount": 103950, "completionTokens": 539404, "cost": 7346.82, "createdAt": "2025-02-04T14:58:04.231Z", "id": "<id>", "promptTokens": 244425, "title": "<value>", "toolCallCount": 717181, "userMessageCount": 270800}]
        "401":
          application/json: {"error": {"code": 306652, "message": "<value>", "type": "bad_request"}}
        "500":
          application/json: {"error": {"code": 306652, "message": "<value>", "type": "bad_request"}}
  createSession:
    speakeasy-default-create-session:
      requestBody:
        application/json: {"title": "<value>"}
      responses:
        "201":
          application/json: {"assistantMessageCount": 880027, "completionTokens": 524380, "cost": 8710.41, "createdAt": "2024-03-18T16:52:26.875Z", "id": "<id>", "promptTokens": 469380, "title": "<value>", "toolCallCount": 70138, "userMessageCount": 844160}
        "400":
          application/json: {"error": {"code": 481369, "message": "<value>", "type": "validation_error"}}
  deleteSession:
    speakeasy-default-delete-session:
      parameters:
        path:
          id: "<id>"
      responses:
        "404":
          application/json: {"error": {"code": 56778, "message": "<value>", "type": "validation_error"}}
  getSession:
    speakeasy-default-get-session:
      parameters:
        path:
          id: "<id>"
      responses:
        "200":
          application/json: {"assistantMessageCount": 387834, "completionTokens": 407862, "cost": 588.53, "createdAt": "2025-01-09T12:44:06.736Z", "id": "<id>", "promptTokens": 306630, "title": "<value>", "toolCallCount": 945765, "userMessageCount": 844040}
        "404":
          application/json: {"error": {"code": 125836, "message": "<value>", "type": "validation_error"}}
  forkSession:
    speakeasy-default-fork-session:
      parameters:
        path:
          id: "<id>"
      requestBody:
        application/json: {"messageIndex": 385832}
      responses:
        "201":
          application/json: {"assistantMessageCount": 385832, "completionTokens": 551389, "cost": 5945.98, "createdAt": "2025-08-26T03:33:17.824Z", "id": "<id>", "promptTokens": 770117, "title": "<value>", "toolCallCount": 905266, "userMessageCount": 239157}
        "404":
          application/json: {}
        "400":
          application/json: {"error": {"code": 654763, "message": "<value>", "type": "validation_error"}}
  storeApiKey:
    speakeasy-default-store-api-key:
      requestBody:
        application/json: {"api_key": "<value>", "provider": "openrouter"}
      responses:
        "200":
          application/json: {}
        "400":
          application/json: {"error": {"code": 266487, "message": "<value>", "type": "not_found"}}
        "500":
          application/json: {"error": {"code": 266487, "message": "<value>", "type": "not_found"}}
  handleOAuthCallback:
    speakeasy-default-handle-O-auth-callback:
      requestBody:
        application/json: {"code": "<value>", "provider": "<value>", "state": "Arizona"}
      responses:
        "200":
          application/json: {}
        "400":
          application/json: {"error": {"code": 930404, "message": "<value>", "type": "internal_error"}}
        "500":
          application/json: {"error": {"code": 930404, "message": "<value>", "type": "internal_error"}}
  startOAuthFlow:
    speakeasy-default-start-O-auth-flow:
      parameters:
        path:
          provider: "<value>"
      responses:
        "200":
          application/json: {}
        "400":
          application/json: {"error": {"code": 879433, "message": "<value>", "type": "validation_error"}}
        "500":
          application/json: {"error": {"code": 879433, "message": "<value>", "type": "validation_error"}}
  getAuthStatus:
    speakeasy-default-get-auth-status:
      responses:
        "200":
          application/json: {}
        "500":
          application/json: {"error": {"code": 430191, "message": "<value>", "type": "validation_error"}}
  validatePreferredProvider:
    speakeasy-default-validate-preferred-provider:
      responses:
        "200":
          application/json: {}
        "500":
          application/json: {"error": {"code": 605554, "message": "<value>", "type": "internal_error"}}
  deleteCredentials:
    speakeasy-default-delete-credentials:
      parameters:
        path:
          provider: "<value>"
      responses:
        "200":
          application/json: {}
        "400":
          application/json: {"error": {"code": 839078, "message": "<value>", "type": "bad_request"}}
        "500":
          application/json: {"error": {"code": 839078, "message": "<value>", "type": "bad_request"}}
  getPreferences:
    speakeasy-default-get-preferences:
      responses:
        "200":
          application/json: {}
        "500":
          application/json: {"error": {"code": 735073, "message": "<value>", "type": "bad_request"}}
  updatePreferences:
    speakeasy-default-update-preferences:
      requestBody:
        application/json: {}
      responses:
        "200":
          application/json: {}
        "400":
          application/json: {"error": {"code": 990914, "message": "<value>", "type": "validation_error"}}
        "500":
          application/json: {"error": {"code": 990914, "message": "<value>", "type": "validation_error"}}
  getAvailableProviders:
    speakeasy-default-get-available-providers:
      responses:
        "200":
          application/json: {"key": {}}
        "500":
          application/json: {"error": {"code": 769766, "message": "<value>", "type": "internal_error"}}
  resetPreferences:
    speakeasy-default-reset-preferences:
      responses:
        "200":
          application/json: {}
        "500":
          application/json: {"error": {"code": 941390, "message": "<value>", "type": "unauthorized"}}
examplesVersion: 1.0.2
