lockVersion: 2.0.0
id: 0302219c-9df1-4051-a6ae-45f579bcc8d3
management:
  docChecksum: e4c0a77c51b54092271f89dea901f1e9
  docVersion: 1.0.0
  speakeasyVersion: 1.636.3
  generationVersion: 2.723.11
  releaseVersion: 0.7.5
  configChecksum: 242300a7d9bfc7992fd24ba3fe21e8f1
  published: true
features:
  typescript:
    additionalDependencies: 0.1.0
    constsAndDefaults: 0.1.12
    core: 3.21.26
    defaultEnabledRetries: 0.1.0
    devContainers: 2.90.1
    downloadStreams: 0.1.1
    enumUnions: 0.1.0
    envVarSecurityUsage: 0.1.2
    globalSecurityCallbacks: 0.1.0
    globalServerURLs: 2.82.5
    methodArguments: 0.1.2
    nameOverrides: 2.81.2
    nullables: 0.1.1
    responseFormat: 0.2.3
    retries: 2.83.0
    sdkHooks: 0.3.0
    serverEvents: 0.1.12
    unions: 2.86.0
    uploadStreams: 0.1.0
generatedFiles:
  - .devcontainer/README.md
  - .devcontainer/devcontainer.json
  - .devcontainer/setup.sh
  - .gitattributes
  - .npmignore
  - FUNCTIONS.md
  - RUNTIMES.md
  - USAGE.md
  - docs/lib/utils/retryconfig.md
  - docs/models/backendmessage.md
  - docs/models/coretoolname.md
  - docs/models/errors/errorresponse.md
  - docs/models/exportmessage.md
  - docs/models/exportsession.md
  - docs/models/exporttoolcall.md
  - docs/models/fileinfo.md
  - docs/models/inputjson.md
  - docs/models/operations/availableproviders.md
  - docs/models/operations/cancelsessionprocessingrequest.md
  - docs/models/operations/cancelsessionprocessingresponse.md
  - docs/models/operations/categories.md
  - docs/models/operations/createsessionrequest.md
  - docs/models/operations/deletecredentialsrequest.md
  - docs/models/operations/deletecredentialsresponse.md
  - docs/models/operations/deletesessionfilerequest.md
  - docs/models/operations/deletesessionrequest.md
  - docs/models/operations/denypermissionrequest.md
  - docs/models/operations/denypermissionresponse.md
  - docs/models/operations/exportsessionrequest.md
  - docs/models/operations/exportsessionresponse.md
  - docs/models/operations/filet.md
  - docs/models/operations/forksessionrequest.md
  - docs/models/operations/forksessionrequestbody.md
  - docs/models/operations/getauthstatusauthmethod.md
  - docs/models/operations/getauthstatusresponse.md
  - docs/models/operations/getavailableprovidersresponse.md
  - docs/models/operations/getcommandrequest.md
  - docs/models/operations/getcommandresponse.md
  - docs/models/operations/getmessagehistoryrequest.md
  - docs/models/operations/getpreferencesresponse.md
  - docs/models/operations/getsessionfilerequest.md
  - docs/models/operations/getsessionmessagesrequest.md
  - docs/models/operations/getsessionrequest.md
  - docs/models/operations/getsysteminforesponse.md
  - docs/models/operations/gettoolsstatusresponse.md
  - docs/models/operations/gettoolsstatustool.md
  - docs/models/operations/grantpermissionrequest.md
  - docs/models/operations/grantpermissionresponse.md
  - docs/models/operations/handleoauthcallbackrequest.md
  - docs/models/operations/handleoauthcallbackresponse.md
  - docs/models/operations/healthcheckresponse.md
  - docs/models/operations/listcommandsresponse.md
  - docs/models/operations/listmcpserversresponse.md
  - docs/models/operations/listmcpserverstool.md
  - docs/models/operations/listsessionfilesrequest.md
  - docs/models/operations/preferences.md
  - docs/models/operations/promptmode.md
  - docs/models/operations/provider.md
  - docs/models/operations/providers.md
  - docs/models/operations/resetpreferencesresponse.md
  - docs/models/operations/rewindsessionrequest.md
  - docs/models/operations/rewindsessionrequestbody.md
  - docs/models/operations/sendmessagerequest.md
  - docs/models/operations/sendmessagerequestbody.md
  - docs/models/operations/sendmessageresponse.md
  - docs/models/operations/startoauthflowrequest.md
  - docs/models/operations/startoauthflowresponse.md
  - docs/models/operations/storeapikeyrequest.md
  - docs/models/operations/storeapikeyresponse.md
  - docs/models/operations/streameventsrequest.md
  - docs/models/operations/streameventsresponse.md
  - docs/models/operations/updatepreferencesrequest.md
  - docs/models/operations/updatepreferencesresponse.md
  - docs/models/operations/uploadsessionfilerequest.md
  - docs/models/operations/uploadsessionfilerequestbody.md
  - docs/models/operations/validatepreferredproviderauthmethod.md
  - docs/models/operations/validatepreferredproviderresponse.md
  - docs/models/params.md
  - docs/models/resterror.md
  - docs/models/sessiondata.md
  - docs/models/ssecompleteevent.md
  - docs/models/ssecompleteeventdata.md
  - docs/models/ssecompleteeventevent.md
  - docs/models/sseconnectedevent.md
  - docs/models/sseconnectedeventdata.md
  - docs/models/sseconnectedeventevent.md
  - docs/models/ssecontentevent.md
  - docs/models/ssecontenteventdata.md
  - docs/models/ssecontenteventevent.md
  - docs/models/sseerrorevent.md
  - docs/models/sseerroreventdata.md
  - docs/models/sseerroreventevent.md
  - docs/models/sseeventstream.md
  - docs/models/sseheartbeatevent.md
  - docs/models/sseheartbeateventdata.md
  - docs/models/sseheartbeateventevent.md
  - docs/models/ssepermissionevent.md
  - docs/models/ssepermissioneventdata.md
  - docs/models/ssepermissioneventevent.md
  - docs/models/ssesessioncreatedevent.md
  - docs/models/ssesessioncreatedeventdata.md
  - docs/models/ssesessioncreatedeventevent.md
  - docs/models/ssesessiondeletedevent.md
  - docs/models/ssesessiondeletedeventdata.md
  - docs/models/ssesessiondeletedeventevent.md
  - docs/models/ssesummarizeevent.md
  - docs/models/ssesummarizeeventdata.md
  - docs/models/ssesummarizeeventevent.md
  - docs/models/ssethinkingevent.md
  - docs/models/ssethinkingeventdata.md
  - docs/models/ssethinkingeventevent.md
  - docs/models/ssetoolevent.md
  - docs/models/ssetooleventdata.md
  - docs/models/ssetooleventevent.md
  - docs/models/ssetoolexecutioncompleteevent.md
  - docs/models/ssetoolexecutioncompleteeventdata.md
  - docs/models/ssetoolexecutioncompleteeventevent.md
  - docs/models/ssetoolexecutionstartevent.md
  - docs/models/ssetoolexecutionstarteventdata.md
  - docs/models/ssetoolexecutionstarteventevent.md
  - docs/models/ssetoolparameterdeltaevent.md
  - docs/models/ssetoolparameterdeltaeventdata.md
  - docs/models/ssetoolparameterdeltaeventevent.md
  - docs/models/toolcalldata.md
  - docs/models/toolname.md
  - docs/models/type.md
  - docs/sdks/authentication/README.md
  - docs/sdks/files/README.md
  - docs/sdks/messages/README.md
  - docs/sdks/permissions/README.md
  - docs/sdks/preferences/README.md
  - docs/sdks/sessions/README.md
  - docs/sdks/streaming/README.md
  - docs/sdks/system/README.md
  - docs/sdks/tools/README.md
  - eslint.config.mjs
  - examples/.env.template
  - examples/README.md
  - examples/authenticationStoreApiKey.example.ts
  - examples/package.json
  - jsr.json
  - package.json
  - src/core.ts
  - src/funcs/authenticationDeleteCredentials.ts
  - src/funcs/authenticationGetAuthStatus.ts
  - src/funcs/authenticationHandleOAuthCallback.ts
  - src/funcs/authenticationStartOAuthFlow.ts
  - src/funcs/authenticationStoreApiKey.ts
  - src/funcs/authenticationValidatePreferredProvider.ts
  - src/funcs/filesDelete.ts
  - src/funcs/filesGet.ts
  - src/funcs/filesList.ts
  - src/funcs/filesUpload.ts
  - src/funcs/messagesCancelProcessing.ts
  - src/funcs/messagesGetHistory.ts
  - src/funcs/messagesGetSession.ts
  - src/funcs/messagesSend.ts
  - src/funcs/permissionsDeny.ts
  - src/funcs/permissionsGrant.ts
  - src/funcs/preferencesGet.ts
  - src/funcs/preferencesGetProviders.ts
  - src/funcs/preferencesReset.ts
  - src/funcs/preferencesUpdate.ts
  - src/funcs/sessionsCreate.ts
  - src/funcs/sessionsDelete.ts
  - src/funcs/sessionsExportSession.ts
  - src/funcs/sessionsFork.ts
  - src/funcs/sessionsGet.ts
  - src/funcs/sessionsList.ts
  - src/funcs/sessionsRewindSession.ts
  - src/funcs/streamingStreamEvents.ts
  - src/funcs/systemGetCommand.ts
  - src/funcs/systemGetSystemInfo.ts
  - src/funcs/systemHealthCheck.ts
  - src/funcs/systemListCommands.ts
  - src/funcs/systemListMcpServers.ts
  - src/funcs/toolsGetToolsStatus.ts
  - src/hooks/hooks.ts
  - src/hooks/index.ts
  - src/hooks/types.ts
  - src/index.ts
  - src/lib/base64.ts
  - src/lib/config.ts
  - src/lib/dlv.ts
  - src/lib/encodings.ts
  - src/lib/env.ts
  - src/lib/event-streams.ts
  - src/lib/files.ts
  - src/lib/http.ts
  - src/lib/is-plain-object.ts
  - src/lib/logger.ts
  - src/lib/matchers.ts
  - src/lib/primitives.ts
  - src/lib/retries.ts
  - src/lib/schemas.ts
  - src/lib/sdks.ts
  - src/lib/security.ts
  - src/lib/url.ts
  - src/models/backendmessage.ts
  - src/models/coretoolname.ts
  - src/models/errors/errorresponse.ts
  - src/models/errors/httpclienterrors.ts
  - src/models/errors/index.ts
  - src/models/errors/mixdefaulterror.ts
  - src/models/errors/mixerror.ts
  - src/models/errors/responsevalidationerror.ts
  - src/models/errors/sdkvalidationerror.ts
  - src/models/exportmessage.ts
  - src/models/exportsession.ts
  - src/models/exporttoolcall.ts
  - src/models/fileinfo.ts
  - src/models/index.ts
  - src/models/operations/cancelsessionprocessing.ts
  - src/models/operations/createsession.ts
  - src/models/operations/deletecredentials.ts
  - src/models/operations/deletesession.ts
  - src/models/operations/deletesessionfile.ts
  - src/models/operations/denypermission.ts
  - src/models/operations/exportsession.ts
  - src/models/operations/forksession.ts
  - src/models/operations/getauthstatus.ts
  - src/models/operations/getavailableproviders.ts
  - src/models/operations/getcommand.ts
  - src/models/operations/getmessagehistory.ts
  - src/models/operations/getpreferences.ts
  - src/models/operations/getsession.ts
  - src/models/operations/getsessionfile.ts
  - src/models/operations/getsessionmessages.ts
  - src/models/operations/getsysteminfo.ts
  - src/models/operations/gettoolsstatus.ts
  - src/models/operations/grantpermission.ts
  - src/models/operations/handleoauthcallback.ts
  - src/models/operations/healthcheck.ts
  - src/models/operations/index.ts
  - src/models/operations/listcommands.ts
  - src/models/operations/listmcpservers.ts
  - src/models/operations/listsessionfiles.ts
  - src/models/operations/resetpreferences.ts
  - src/models/operations/rewindsession.ts
  - src/models/operations/sendmessage.ts
  - src/models/operations/startoauthflow.ts
  - src/models/operations/storeapikey.ts
  - src/models/operations/streamevents.ts
  - src/models/operations/updatepreferences.ts
  - src/models/operations/uploadsessionfile.ts
  - src/models/operations/validatepreferredprovider.ts
  - src/models/resterror.ts
  - src/models/sessiondata.ts
  - src/models/sseeventstream.ts
  - src/models/toolcalldata.ts
  - src/models/toolname.ts
  - src/sdk/authentication.ts
  - src/sdk/files.ts
  - src/sdk/index.ts
  - src/sdk/messages.ts
  - src/sdk/permissions.ts
  - src/sdk/preferences.ts
  - src/sdk/sdk.ts
  - src/sdk/sessions.ts
  - src/sdk/streaming.ts
  - src/sdk/system.ts
  - src/sdk/tools.ts
  - src/types/async.ts
  - src/types/blobs.ts
  - src/types/constdatetime.ts
  - src/types/enums.ts
  - src/types/fp.ts
  - src/types/index.ts
  - src/types/operations.ts
  - src/types/rfcdate.ts
  - src/types/streams.ts
  - tsconfig.json
examples:
  setApiKey:
    speakeasy-default-set-api-key:
      requestBody:
        application/json: {"apiKey": "<value>"}
      responses:
        "200":
          application/json: {}
        "400":
          application/json: {"error": {"code": 750509, "message": "<value>", "type": "bad_request"}}
        "500":
          application/json: {"error": {"code": 750509, "message": "<value>", "type": "bad_request"}}
  initiateOAuthLogin:
    speakeasy-default-initiate-O-auth-login:
      responses:
        "200":
          application/json: {}
        "401":
          application/json: {"error": {"code": 314723, "message": "<value>", "type": "validation_error"}}
        "500":
          application/json: {"error": {"code": 314723, "message": "<value>", "type": "validation_error"}}
  listCommands:
    speakeasy-default-list-commands:
      responses:
        "200":
          application/json: [{}]
        "401":
          application/json: {"error": {"code": 838798, "message": "<value>", "type": "unauthorized"}}
        "500":
          application/json: {"error": {"code": 838798, "message": "<value>", "type": "unauthorized"}}
  getCommand:
    speakeasy-default-get-command:
      parameters:
        path:
          name: "<value>"
      responses:
        "200":
          application/json: {}
        "404":
          application/json: {"error": {"code": 467416, "message": "<value>", "type": "bad_request"}}
  listMcpServers:
    speakeasy-default-list-mcp-servers:
      responses:
        "200":
          application/json: [{"connected": true, "name": "<value>", "status": "<value>"}]
        "401":
          application/json: {"error": {"code": 291310, "message": "<value>", "type": "internal_error"}}
        "500":
          application/json: {"error": {"code": 291310, "message": "<value>", "type": "internal_error"}}
  healthCheck:
    speakeasy-default-health-check:
      responses:
        "200":
          application/json: {}
        "500":
          application/json: {"error": {"code": 981446, "message": "<value>", "type": "not_found"}}
  getMessageHistory:
    speakeasy-default-get-message-history:
      parameters:
        query:
          limit: 50
          offset: 0
      responses:
        "200":
          application/json: [{"id": "<id>", "role": "<value>", "sessionId": "<id>", "userInput": "<value>"}]
        "401":
          application/json: {"error": {"code": 37164, "message": "<value>", "type": "validation_error"}}
        "500":
          application/json: {"error": {"code": 37164, "message": "<value>", "type": "validation_error"}}
  cancelSessionProcessing:
    speakeasy-default-cancel-session-processing:
      parameters:
        path:
          id: "<id>"
      responses:
        "200":
          application/json: {}
        "404":
          application/json: {"error": {"code": 83449, "message": "<value>", "type": "internal_error"}}
  getSessionMessages:
    speakeasy-default-get-session-messages:
      parameters:
        path:
          id: "<id>"
      responses:
        "200":
          application/json: [{"id": "<id>", "role": "<value>", "sessionId": "<id>", "userInput": "<value>"}]
        "404":
          application/json: {"error": {"code": 355518, "message": "<value>", "type": "bad_request"}}
  sendMessage:
    speakeasy-default-send-message:
      parameters:
        path:
          id: "<id>"
      requestBody:
        application/json: {"plan_mode": false, "text": "<value>"}
      responses:
        "200":
          application/json: {"id": "<id>", "role": "<value>", "sessionId": "<id>", "toolCalls": [{"finished": true, "id": "<id>", "input": "<value>", "name": "brave_search", "type": "<value>"}], "userInput": "<value>"}
        "400":
          application/json: {"error": {"code": 600162, "message": "<value>", "type": "validation_error"}}
        "202":
          application/json: {"sessionId": "<id>", "status": "processing"}
  denyPermission:
    speakeasy-default-deny-permission:
      parameters:
        path:
          id: "<id>"
      responses:
        "200":
          application/json: {}
        "401":
          application/json: {"error": {"code": 185141, "message": "<value>", "type": "unauthorized"}}
        "500":
          application/json: {"error": {"code": 185141, "message": "<value>", "type": "unauthorized"}}
  grantPermission:
    speakeasy-default-grant-permission:
      parameters:
        path:
          id: "<id>"
      responses:
        "200":
          application/json: {}
        "401":
          application/json: {"error": {"code": 96400, "message": "<value>", "type": "internal_error"}}
        "500":
          application/json: {"error": {"code": 96400, "message": "<value>", "type": "internal_error"}}
  listSessions:
    speakeasy-default-list-sessions:
      responses:
        "200":
          application/json: [{"assistantMessageCount": 103950, "completionTokens": 539404, "cost": 7346.82, "createdAt": "2025-02-04T14:58:04.231Z", "id": "<id>", "promptTokens": 244425, "title": "<value>", "toolCallCount": 717181, "userMessageCount": 270800}]
        "401":
          application/json: {"error": {"code": 306652, "message": "<value>", "type": "bad_request"}}
        "500":
          application/json: {"error": {"code": 306652, "message": "<value>", "type": "bad_request"}}
  createSession:
    speakeasy-default-create-session:
      requestBody:
        application/json: {"title": "<value>"}
      responses:
        "201":
          application/json: {"assistantMessageCount": 880027, "completionTokens": 524380, "cost": 8710.41, "createdAt": "2024-03-18T16:52:26.875Z", "id": "<id>", "promptTokens": 469380, "title": "<value>", "toolCallCount": 70138, "userMessageCount": 844160}
        "400":
          application/json: {"error": {"code": 481369, "message": "<value>", "type": "validation_error"}}
    invalid_prompt_mode:
      requestBody:
        application/json: {"customSystemPrompt": "You are a helpful assistant specialized in $<domain>. Always be concise and accurate.", "promptMode": "append", "title": "<value>"}
      responses:
        "400":
          application/json: {"error": {"code": 400, "message": "promptMode must be 'default', 'append', or 'replace'", "type": "validation_error"}}
    missing_title:
      requestBody:
        application/json: {"customSystemPrompt": "You are a helpful assistant specialized in $<domain>. Always be concise and accurate.", "promptMode": "append", "title": "<value>"}
      responses:
        "400":
          application/json: {"error": {"code": 400, "message": "title is required", "type": "validation_error"}}
    prompt_size_exceeded_append:
      requestBody:
        application/json: {"customSystemPrompt": "You are a helpful assistant specialized in $<domain>. Always be concise and accurate.", "promptMode": "append", "title": "<value>"}
      responses:
        "400":
          application/json: {"error": {"code": 400, "message": "Custom prompt size (75KB) exceeds append mode limit of 50KB", "type": "validation_error"}}
    prompt_size_exceeded_replace:
      requestBody:
        application/json: {"customSystemPrompt": "You are a helpful assistant specialized in $<domain>. Always be concise and accurate.", "promptMode": "append", "title": "<value>"}
      responses:
        "400":
          application/json: {"error": {"code": 400, "message": "Custom prompt size (150KB) exceeds replace mode limit of 100KB", "type": "validation_error"}}
  deleteSession:
    speakeasy-default-delete-session:
      parameters:
        path:
          id: "<id>"
      responses:
        "404":
          application/json: {"error": {"code": 56778, "message": "<value>", "type": "validation_error"}}
  getSession:
    speakeasy-default-get-session:
      parameters:
        path:
          id: "<id>"
      responses:
        "200":
          application/json: {"assistantMessageCount": 387834, "completionTokens": 407862, "cost": 588.53, "createdAt": "2025-01-09T12:44:06.736Z", "id": "<id>", "promptTokens": 306630, "title": "<value>", "toolCallCount": 945765, "userMessageCount": 844040}
        "404":
          application/json: {"error": {"code": 125836, "message": "<value>", "type": "validation_error"}}
  forkSession:
    speakeasy-default-fork-session:
      parameters:
        path:
          id: "<id>"
      requestBody:
        application/json: {"messageIndex": 385832}
      responses:
        "201":
          application/json: {"assistantMessageCount": 385832, "completionTokens": 551389, "cost": 5945.98, "createdAt": "2025-08-26T03:33:17.824Z", "id": "<id>", "promptTokens": 770117, "title": "<value>", "toolCallCount": 905266, "userMessageCount": 239157}
        "404":
          application/json: {}
        "400":
          application/json: {"error": {"code": 654763, "message": "<value>", "type": "validation_error"}}
  listSessionFiles:
    speakeasy-default-list-session-files:
      parameters:
        path:
          id: "<id>"
      responses:
        "200":
          application/json: [{"isDir": false, "modified": 765133, "name": "<value>", "size": 287523, "url": "https://sniveling-eggplant.net"}]
        "404":
          application/json: {"error": {"code": 744976, "message": "<value>", "type": "not_found"}}
  uploadSessionFile:
    speakeasy-default-upload-session-file:
      parameters:
        path:
          id: "<id>"
      requestBody:
        multipart/form-data: {"file": "x-file: example.file"}
      responses:
        "201":
          application/json: {"isDir": false, "modified": 467218, "name": "<value>", "size": 793494, "url": "https://likable-seagull.name"}
        "400":
          application/json: {"error": {"code": 658099, "message": "<value>", "type": "not_found"}}
  deleteSessionFile:
    speakeasy-default-delete-session-file:
      parameters:
        path:
          id: "<id>"
          filename: "example.file"
      responses:
        "404":
          application/json: {"error": {"code": 565254, "message": "<value>", "type": "internal_error"}}
        "400":
          application/json: {"error": {"code": 565254, "message": "<value>", "type": "internal_error"}}
  getSessionFile:
    speakeasy-default-get-session-file:
      parameters:
        path:
          id: "<id>"
          filename: "example.file"
      responses:
        "200":
          application/octet-stream: "x-file: example.file"
          image/jpeg: "x-file: example.file"
          '*/*': "x-file: example.file"
        "400":
          application/json: {"error": {"code": 958191, "message": "<value>", "type": "internal_error"}}
  storeApiKey:
    speakeasy-default-store-api-key:
      requestBody:
        application/json: {"api_key": "<value>", "provider": "openrouter"}
      responses:
        "200":
          application/json: {}
        "400":
          application/json: {"error": {"code": 266487, "message": "<value>", "type": "not_found"}}
        "500":
          application/json: {"error": {"code": 266487, "message": "<value>", "type": "not_found"}}
  handleOAuthCallback:
    speakeasy-default-handle-O-auth-callback:
      requestBody:
        application/json: {"code": "<value>", "provider": "<value>", "state": "Arizona"}
      responses:
        "200":
          application/json: {}
        "400":
          application/json: {"error": {"code": 930404, "message": "<value>", "type": "internal_error"}}
        "500":
          application/json: {"error": {"code": 930404, "message": "<value>", "type": "internal_error"}}
  startOAuthFlow:
    speakeasy-default-start-O-auth-flow:
      parameters:
        path:
          provider: "<value>"
      responses:
        "200":
          application/json: {}
        "400":
          application/json: {"error": {"code": 879433, "message": "<value>", "type": "validation_error"}}
        "500":
          application/json: {"error": {"code": 879433, "message": "<value>", "type": "validation_error"}}
  getAuthStatus:
    speakeasy-default-get-auth-status:
      responses:
        "200":
          application/json: {}
        "500":
          application/json: {"error": {"code": 430191, "message": "<value>", "type": "validation_error"}}
  validatePreferredProvider:
    speakeasy-default-validate-preferred-provider:
      responses:
        "200":
          application/json: {}
        "500":
          application/json: {"error": {"code": 605554, "message": "<value>", "type": "internal_error"}}
  deleteCredentials:
    speakeasy-default-delete-credentials:
      parameters:
        path:
          provider: "<value>"
      responses:
        "200":
          application/json: {}
        "400":
          application/json: {"error": {"code": 839078, "message": "<value>", "type": "bad_request"}}
        "500":
          application/json: {"error": {"code": 839078, "message": "<value>", "type": "bad_request"}}
  getPreferences:
    speakeasy-default-get-preferences:
      responses:
        "200":
          application/json: {"available_providers": {"key": {}}}
        "500":
          application/json: {"error": {"code": 25779, "message": "<value>", "type": "not_found"}}
  updatePreferences:
    speakeasy-default-update-preferences:
      requestBody:
        application/json: {}
      responses:
        "200":
          application/json: {}
        "400":
          application/json: {"error": {"code": 990914, "message": "<value>", "type": "validation_error"}}
        "500":
          application/json: {"error": {"code": 990914, "message": "<value>", "type": "validation_error"}}
  getAvailableProviders:
    speakeasy-default-get-available-providers:
      responses:
        "200":
          application/json: {"key": {}}
        "500":
          application/json: {"error": {"code": 769766, "message": "<value>", "type": "internal_error"}}
  resetPreferences:
    speakeasy-default-reset-preferences:
      responses:
        "200":
          application/json: {}
        "500":
          application/json: {"error": {"code": 941390, "message": "<value>", "type": "unauthorized"}}
  getToolsStatus:
    speakeasy-default-get-tools-status:
      responses:
        "200":
          application/json: {}
        "500":
          application/json: {"error": {"code": 561833, "message": "<value>", "type": "validation_error"}}
  storeToolCredentials:
    speakeasy-default-store-tool-credentials:
      requestBody:
        application/json: {"api_key": "<value>", "provider": "<value>", "tool_type": "multimodal_analyzer"}
      responses:
        "200":
          application/json: {}
        "400":
          application/json: {"error": {"code": 290401, "message": "<value>", "type": "internal_error"}}
        "500":
          application/json: {"error": {"code": 290401, "message": "<value>", "type": "internal_error"}}
  deleteToolCredentials:
    speakeasy-default-delete-tool-credentials:
      parameters:
        path:
          tool_type: "<value>"
          provider: "<value>"
      responses:
        "200":
          application/json: {}
        "400":
          application/json: {"error": {"code": 50299, "message": "<value>", "type": "not_found"}}
        "500":
          application/json: {"error": {"code": 50299, "message": "<value>", "type": "not_found"}}
  streamEvents:
    speakeasy-default-stream-events:
      parameters:
        query:
          sessionId: "<id>"
      responses:
        "404":
          application/json: {"error": {"code": 67605, "message": "<value>", "type": "validation_error"}}
        "500":
          application/json: {"error": {"code": 67605, "message": "<value>", "type": "validation_error"}}
  sendStreamingMessage:
    speakeasy-default-send-streaming-message:
      parameters:
        path:
          id: "<id>"
      requestBody:
        application/json: {"content": "<value>"}
      responses:
        "200":
          application/json: {"sessionId": "<id>", "status": "broadcasted"}
        "400":
          application/json: {"error": {"code": 812628, "message": "<value>", "type": "not_found"}}
        "500":
          application/json: {"error": {"code": 812628, "message": "<value>", "type": "not_found"}}
  rewindSession:
    speakeasy-default-rewind-session:
      parameters:
        path:
          id: "<id>"
      requestBody:
        application/json: {"cleanupMedia": true, "messageId": "<id>"}
      responses:
        "200":
          application/json: {"assistantMessageCount": 676019, "completionTokens": 18242, "cost": 1903.72, "createdAt": "2024-09-02T07:59:03.378Z", "id": "<id>", "promptTokens": 505203, "title": "<value>", "toolCallCount": 938253, "userMessageCount": 629623}
        "400":
          application/json: {"error": {"code": 877894, "message": "<value>", "type": "bad_request"}}
  exportSession:
    speakeasy-default-export-session:
      parameters:
        path:
          id: "<id>"
      responses:
        "200":
          application/json: {"id": "<id>", "messages": [], "title": "<value>"}
        "404":
          application/json: {"error": {"code": 657092, "message": "<value>", "type": "validation_error"}}
        "500":
          application/json: {"error": {"code": 657092, "message": "<value>", "type": "validation_error"}}
  getSystemInfo:
    speakeasy-default-get-system-info:
      responses:
        "200":
          application/json: {"storageBasePath": "<value>"}
        "500":
          application/json: {"error": {"code": 39436, "message": "<value>", "type": "internal_error"}}
examplesVersion: 1.0.2
