speakeasyVersion: 1.628.4
sources:
    Mix REST API:
        sourceNamespace: mix-rest-api
        sourceRevisionDigest: sha256:79d28683120c01c5f623b2b0e78cef0d841cafbfe7f54a028bcdc76112460796
        sourceBlobDigest: sha256:3b645e6a28579dfdee1771f427653c6e7b037eced45993c0d44d8b60ee0da39e
        tags:
            - latest
            - 1.0.0
targets:
    mix-ts-target:
        source: Mix REST API
        sourceNamespace: mix-rest-api
        sourceRevisionDigest: sha256:79d28683120c01c5f623b2b0e78cef0d841cafbfe7f54a028bcdc76112460796
        sourceBlobDigest: sha256:3b645e6a28579dfdee1771f427653c6e7b037eced45993c0d44d8b60ee0da39e
        codeSamplesNamespace: mix-rest-api-typescript-code-samples
        codeSamplesRevisionDigest: sha256:a150bf7d171a31041c30fdf527ae174757fb5a19c43a0c73ea29445c074099c1
workflow:
    workflowVersion: 1.0.0
    speakeasyVersion: latest
    sources:
        Mix REST API:
            inputs:
                - location: ../mix/mix_sdk/openapi.json
            overlays:
                - location: .speakeasy/speakeasy-modifications-overlay.yaml
                - location: .speakeasy/speakeasy-modifications-overlay-1.yaml
            output: .speakeasy/out.openapi.yaml
            registry:
                location: registry.speakeasyapi.dev/recreate/mix/mix-rest-api
    targets:
        mix-ts-target:
            target: typescript
            source: Mix REST API
            publish:
                npm:
                    token: $npm_token
            codeSamples:
                registry:
                    location: registry.speakeasyapi.dev/recreate/mix/mix-rest-api-typescript-code-samples
                labelOverride:
                    fixedValue: Typescript (SDK)
                blocking: false
