speakeasyVersion: 1.709.4
sources:
    Mix REST API:
        sourceNamespace: mix-rest-api
        sourceRevisionDigest: sha256:f69ad6f687b49e2423bad50794bffc057d83fc4e1fb6c9269abec39b5393a8e4
        sourceBlobDigest: sha256:b6c2964abaeedcf66c79c891e150e79aa62cdb47bb0096d2c02ecc7e1a4e5528
        tags:
            - latest
            - 1.0.0
targets:
    mix-ts-target:
        source: Mix REST API
        sourceNamespace: mix-rest-api
        sourceRevisionDigest: sha256:f69ad6f687b49e2423bad50794bffc057d83fc4e1fb6c9269abec39b5393a8e4
        sourceBlobDigest: sha256:b6c2964abaeedcf66c79c891e150e79aa62cdb47bb0096d2c02ecc7e1a4e5528
        codeSamplesNamespace: mix-rest-api-typescript-code-samples
        codeSamplesRevisionDigest: sha256:5f6c97f3b9ba4f5bcb91a3cbffe44f452c3aa1330a60c6621bc5e97d8ff5aaf1
workflow:
    workflowVersion: 1.0.0
    speakeasyVersion: latest
    sources:
        Mix REST API:
            inputs:
                - location: ../mix/mix_sdk/openapi.json
            overlays:
                - location: .speakeasy/speakeasy-modifications-overlay.yaml
                - location: .speakeasy/speakeasy-modifications-overlay-1.yaml
            output: .speakeasy/out.openapi.yaml
            registry:
                location: registry.speakeasyapi.dev/recreate/mix/mix-rest-api
    targets:
        mix-ts-target:
            target: typescript
            source: Mix REST API
            publish:
                npm:
                    token: $npm_token
            codeSamples:
                registry:
                    location: registry.speakeasyapi.dev/recreate/mix/mix-rest-api-typescript-code-samples
                labelOverride:
                    fixedValue: Typescript (SDK)
                blocking: false
