speakeasyVersion: 1.631.0
sources:
    Mix REST API:
        sourceNamespace: mix-rest-api
        sourceRevisionDigest: sha256:99ad8558ee42e88a1081e07d09c72db5e304b2cf93e0469e625e2e9a5061a56f
        sourceBlobDigest: sha256:cc00a563ea846ee1b7c5b6202c92fdb7bd8a94628e22d58fb4d5ff4d471b774d
        tags:
            - latest
            - 1.0.0
targets:
    mix-ts-target:
        source: Mix REST API
        sourceNamespace: mix-rest-api
        sourceRevisionDigest: sha256:99ad8558ee42e88a1081e07d09c72db5e304b2cf93e0469e625e2e9a5061a56f
        sourceBlobDigest: sha256:cc00a563ea846ee1b7c5b6202c92fdb7bd8a94628e22d58fb4d5ff4d471b774d
        codeSamplesNamespace: mix-rest-api-typescript-code-samples
        codeSamplesRevisionDigest: sha256:9a0fb1c1fd9ae0774a3ba1e1f2245caa6c494ec1bd661b1ccdf910ed763f0774
workflow:
    workflowVersion: 1.0.0
    speakeasyVersion: latest
    sources:
        Mix REST API:
            inputs:
                - location: ../mix/mix_sdk/openapi.json
            overlays:
                - location: .speakeasy/speakeasy-modifications-overlay.yaml
                - location: .speakeasy/speakeasy-modifications-overlay-1.yaml
            output: .speakeasy/out.openapi.yaml
            registry:
                location: registry.speakeasyapi.dev/recreate/mix/mix-rest-api
    targets:
        mix-ts-target:
            target: typescript
            source: Mix REST API
            publish:
                npm:
                    token: $npm_token
            codeSamples:
                registry:
                    location: registry.speakeasyapi.dev/recreate/mix/mix-rest-api-typescript-code-samples
                labelOverride:
                    fixedValue: Typescript (SDK)
                blocking: false
